// !$*UTF8*$!
{
	archiveVersion = 1;
	classes = {
	};
	objectVersion = 56;
	objects = {

/* Begin PBXBuildFile section */
		687189FB2A0F92B8009BAFCA /* AppDelegate.swift in Sources */ = {isa = PBXBuildFile; fileRef = 687189FA2A0F92B8009BAFCA /* AppDelegate.swift */; };
		68718A042A0F92B9009BAFCA /* Assets.xcassets in Resources */ = {isa = PBXBuildFile; fileRef = 68718A032A0F92B9009BAFCA /* Assets.xcassets */; };
		68718A072A0F92B9009BAFCA /* LaunchScreen.storyboard in Resources */ = {isa = PBXBuildFile; fileRef = 68718A052A0F92B9009BAFCA /* LaunchScreen.storyboard */; };
		68718A142A0F94B1009BAFCA /* MainViewController.swift in Sources */ = {isa = PBXBuildFile; fileRef = 68718A132A0F94B1009BAFCA /* MainViewController.swift */; };
		68718A162A0F953D009BAFCA /* Country.swift in Sources */ = {isa = PBXBuildFile; fileRef = 68718A152A0F953D009BAFCA /* Country.swift */; };
		68718A182A0F9755009BAFCA /* CollectionViewViewModel.swift in Sources */ = {isa = PBXBuildFile; fileRef = 68718A172A0F9755009BAFCA /* CollectionViewViewModel.swift */; };
		68718A1A2A0F9810009BAFCA /* CollectionViewCellViewModel.swift in Sources */ = {isa = PBXBuildFile; fileRef = 68718A192A0F9810009BAFCA /* CollectionViewCellViewModel.swift */; };
		68718A1D2A0F99A9009BAFCA /* CountryCell.swift in Sources */ = {isa = PBXBuildFile; fileRef = 68718A1C2A0F99A9009BAFCA /* CountryCell.swift */; };
		68718A1F2A0F9C49009BAFCA /* Factory.swift in Sources */ = {isa = PBXBuildFile; fileRef = 68718A1E2A0F9C49009BAFCA /* Factory.swift */; };
		68DEB9612A10D2390071823A /* NetworkService.swift in Sources */ = {isa = PBXBuildFile; fileRef = 68DEB9602A10D2390071823A /* NetworkService.swift */; };
		68DEB9642A11190C0071823A /* SDWebImage in Frameworks */ = {isa = PBXBuildFile; productRef = 68DEB9632A11190C0071823A /* SDWebImage */; };
		68DEB9662A1166540071823A /* SectionHeader.swift in Sources */ = {isa = PBXBuildFile; fileRef = 68DEB9652A1166540071823A /* SectionHeader.swift */; };
/* End PBXBuildFile section */

/* Begin PBXFileReference section */
		687189F72A0F92B8009BAFCA /* StrongTest.app */ = {isa = PBXFileReference; explicitFileType = wrapper.application; includeInIndex = 0; path = StrongTest.app; sourceTree = BUILT_PRODUCTS_DIR; };
		687189FA2A0F92B8009BAFCA /* AppDelegate.swift */ = {isa = PBXFileReference; lastKnownFileType = sourcecode.swift; path = AppDelegate.swift; sourceTree = "<group>"; };
		68718A032A0F92B9009BAFCA /* Assets.xcassets */ = {isa = PBXFileReference; lastKnownFileType = folder.assetcatalog; path = Assets.xcassets; sourceTree = "<group>"; };
		68718A062A0F92B9009BAFCA /* Base */ = {isa = PBXFileReference; lastKnownFileType = file.storyboard; name = Base; path = Base.lproj/LaunchScreen.storyboard; sourceTree = "<group>"; };
		68718A082A0F92B9009BAFCA /* Info.plist */ = {isa = PBXFileReference; lastKnownFileType = text.plist.xml; path = Info.plist; sourceTree = "<group>"; };
		68718A132A0F94B1009BAFCA /* MainViewController.swift */ = {isa = PBXFileReference; lastKnownFileType = sourcecode.swift; path = MainViewController.swift; sourceTree = "<group>"; };
		68718A152A0F953D009BAFCA /* Country.swift */ = {isa = PBXFileReference; lastKnownFileType = sourcecode.swift; path = Country.swift; sourceTree = "<group>"; };
		68718A172A0F9755009BAFCA /* CollectionViewViewModel.swift */ = {isa = PBXFileReference; lastKnownFileType = sourcecode.swift; path = CollectionViewViewModel.swift; sourceTree = "<group>"; };
		68718A192A0F9810009BAFCA /* CollectionViewCellViewModel.swift */ = {isa = PBXFileReference; lastKnownFileType = sourcecode.swift; path = CollectionViewCellViewModel.swift; sourceTree = "<group>"; };
		68718A1C2A0F99A9009BAFCA /* CountryCell.swift */ = {isa = PBXFileReference; lastKnownFileType = sourcecode.swift; path = CountryCell.swift; sourceTree = "<group>"; };
		68718A1E2A0F9C49009BAFCA /* Factory.swift */ = {isa = PBXFileReference; lastKnownFileType = sourcecode.swift; path = Factory.swift; sourceTree = "<group>"; };
		68DEB9602A10D2390071823A /* NetworkService.swift */ = {isa = PBXFileReference; lastKnownFileType = sourcecode.swift; path = NetworkService.swift; sourceTree = "<group>"; };
		68DEB9652A1166540071823A /* SectionHeader.swift */ = {isa = PBXFileReference; lastKnownFileType = sourcecode.swift; path = SectionHeader.swift; sourceTree = "<group>"; };
/* End PBXFileReference section */

/* Begin PBXFrameworksBuildPhase section */
		687189F42A0F92B8009BAFCA /* Frameworks */ = {
			isa = PBXFrameworksBuildPhase;
			buildActionMask = 2147483647;
			files = (
				68DEB9642A11190C0071823A /* SDWebImage in Frameworks */,
			);
			runOnlyForDeploymentPostprocessing = 0;
		};
/* End PBXFrameworksBuildPhase section */

/* Begin PBXGroup section */
		687189EE2A0F92B8009BAFCA = {
			isa = PBXGroup;
			children = (
				687189F92A0F92B8009BAFCA /* StrongTest */,
				687189F82A0F92B8009BAFCA /* Products */,
			);
			sourceTree = "<group>";
		};
		687189F82A0F92B8009BAFCA /* Products */ = {
			isa = PBXGroup;
			children = (
				687189F72A0F92B8009BAFCA /* StrongTest.app */,
			);
			name = Products;
			sourceTree = "<group>";
		};
		687189F92A0F92B8009BAFCA /* StrongTest */ = {
			isa = PBXGroup;
			children = (
				687189FA2A0F92B8009BAFCA /* AppDelegate.swift */,
				68718A082A0F92B9009BAFCA /* Info.plist */,
				68DEB95F2A10BD4A0071823A /* Networking */,
				68718A112A0F946E009BAFCA /* Resources */,
				68718A0E2A0F9447009BAFCA /* Models */,
				68718A0F2A0F944E009BAFCA /* Views */,
				68718A102A0F9454009BAFCA /* ViewModels */,
			);
			path = StrongTest;
			sourceTree = "<group>";
		};
		68718A0E2A0F9447009BAFCA /* Models */ = {
			isa = PBXGroup;
			children = (
				68718A152A0F953D009BAFCA /* Country.swift */,
			);
			path = Models;
			sourceTree = "<group>";
		};
		68718A0F2A0F944E009BAFCA /* Views */ = {
			isa = PBXGroup;
			children = (
				68718A122A0F94A0009BAFCA /* ViewControllers */,
				68718A1B2A0F9987009BAFCA /* Cells */,
				68DEB9652A1166540071823A /* SectionHeader.swift */,
			);
			path = Views;
			sourceTree = "<group>";
		};
		68718A102A0F9454009BAFCA /* ViewModels */ = {
			isa = PBXGroup;
			children = (
				68718A172A0F9755009BAFCA /* CollectionViewViewModel.swift */,
				68718A192A0F9810009BAFCA /* CollectionViewCellViewModel.swift */,
			);
			path = ViewModels;
			sourceTree = "<group>";
		};
		68718A112A0F946E009BAFCA /* Resources */ = {
			isa = PBXGroup;
			children = (
				68718A032A0F92B9009BAFCA /* Assets.xcassets */,
				68718A052A0F92B9009BAFCA /* LaunchScreen.storyboard */,
				68718A1E2A0F9C49009BAFCA /* Factory.swift */,
			);
			path = Resources;
			sourceTree = "<group>";
		};
		68718A122A0F94A0009BAFCA /* ViewControllers */ = {
			isa = PBXGroup;
			children = (
				68718A132A0F94B1009BAFCA /* MainViewController.swift */,
			);
			path = ViewControllers;
			sourceTree = "<group>";
		};
		68718A1B2A0F9987009BAFCA /* Cells */ = {
			isa = PBXGroup;
			children = (
				68718A1C2A0F99A9009BAFCA /* CountryCell.swift */,
			);
			path = Cells;
			sourceTree = "<group>";
		};
		68DEB95F2A10BD4A0071823A /* Networking */ = {
			isa = PBXGroup;
			children = (
				68DEB9602A10D2390071823A /* NetworkService.swift */,
			);
			path = Networking;
			sourceTree = "<group>";
		};
/* End PBXGroup section */

/* Begin PBXNativeTarget section */
		687189F62A0F92B8009BAFCA /* StrongTest */ = {
			isa = PBXNativeTarget;
			buildConfigurationList = 68718A0B2A0F92B9009BAFCA /* Build configuration list for PBXNativeTarget "StrongTest" */;
			buildPhases = (
				687189F32A0F92B8009BAFCA /* Sources */,
				687189F42A0F92B8009BAFCA /* Frameworks */,
				687189F52A0F92B8009BAFCA /* Resources */,
			);
			buildRules = (
			);
			dependencies = (
			);
			name = StrongTest;
			packageProductDependencies = (
				68DEB9632A11190C0071823A /* SDWebImage */,
			);
			productName = StrongTest;
			productReference = 687189F72A0F92B8009BAFCA /* StrongTest.app */;
			productType = "com.apple.product-type.application";
		};
/* End PBXNativeTarget section */

/* Begin PBXProject section */
		687189EF2A0F92B8009BAFCA /* Project object */ = {
			isa = PBXProject;
			attributes = {
				BuildIndependentTargetsInParallel = 1;
				LastSwiftUpdateCheck = 1420;
				LastUpgradeCheck = 1420;
				TargetAttributes = {
					687189F62A0F92B8009BAFCA = {
						CreatedOnToolsVersion = 14.2;
					};
				};
			};
			buildConfigurationList = 687189F22A0F92B8009BAFCA /* Build configuration list for PBXProject "StrongTest" */;
			compatibilityVersion = "Xcode 14.0";
			developmentRegion = en;
			hasScannedForEncodings = 0;
			knownRegions = (
				en,
				Base,
			);
			mainGroup = 687189EE2A0F92B8009BAFCA;
			packageReferences = (
				68DEB9622A11190C0071823A /* XCRemoteSwiftPackageReference "SDWebImage" */,
			);
			productRefGroup = 687189F82A0F92B8009BAFCA /* Products */;
			projectDirPath = "";
			projectRoot = "";
			targets = (
				687189F62A0F92B8009BAFCA /* StrongTest */,
			);
		};
/* End PBXProject section */

/* Begin PBXResourcesBuildPhase section */
		687189F52A0F92B8009BAFCA /* Resources */ = {
			isa = PBXResourcesBuildPhase;
			buildActionMask = 2147483647;
			files = (
				68718A072A0F92B9009BAFCA /* LaunchScreen.storyboard in Resources */,
				68718A042A0F92B9009BAFCA /* Assets.xcassets in Resources */,
			);
			runOnlyForDeploymentPostprocessing = 0;
		};
/* End PBXResourcesBuildPhase section */

/* Begin PBXSourcesBuildPhase section */
		687189F32A0F92B8009BAFCA /* Sources */ = {
			isa = PBXSourcesBuildPhase;
			buildActionMask = 2147483647;
			files = (
				687189FB2A0F92B8009BAFCA /* AppDelegate.swift in Sources */,
				68718A162A0F953D009BAFCA /* Country.swift in Sources */,
				68DEB9612A10D2390071823A /* NetworkService.swift in Sources */,
				68718A1D2A0F99A9009BAFCA /* CountryCell.swift in Sources */,
				68718A142A0F94B1009BAFCA /* MainViewController.swift in Sources */,
				68DEB9662A1166540071823A /* SectionHeader.swift in Sources */,
				68718A182A0F9755009BAFCA /* CollectionViewViewModel.swift in Sources */,
				68718A1A2A0F9810009BAFCA /* CollectionViewCellViewModel.swift in Sources */,
				68718A1F2A0F9C49009BAFCA /* Factory.swift in Sources */,
			);
			runOnlyForDeploymentPostprocessing = 0;
		};
/* End PBXSourcesBuildPhase section */

/* Begin PBXVariantGroup section */
		68718A052A0F92B9009BAFCA /* LaunchScreen.storyboard */ = {
			isa = PBXVariantGroup;
			children = (
				68718A062A0F92B9009BAFCA /* Base */,
			);
			name = LaunchScreen.storyboard;
			sourceTree = "<group>";
		};
/* End PBXVariantGroup section */

/* Begin XCBuildConfiguration section */
		68718A092A0F92B9009BAFCA /* Debug */ = {
			isa = XCBuildConfiguration;
			buildSettings = {
				ALWAYS_SEARCH_USER_PATHS = NO;
				CLANG_ANALYZER_NONNULL = YES;
				CLANG_ANALYZER_NUMBER_OBJECT_CONVERSION = YES_AGGRESSIVE;
				CLANG_CXX_LANGUAGE_STANDARD = "gnu++20";
				CLANG_ENABLE_MODULES = YES;
				CLANG_ENABLE_OBJC_ARC = YES;
				CLANG_ENABLE_OBJC_WEAK = YES;
				CLANG_WARN_BLOCK_CAPTURE_AUTORELEASING = YES;
				CLANG_WARN_BOOL_CONVERSION = YES;
				CLANG_WARN_COMMA = YES;
				CLANG_WARN_CONSTANT_CONVERSION = YES;
				CLANG_WARN_DEPRECATED_OBJC_IMPLEMENTATIONS = YES;
				CLANG_WARN_DIRECT_OBJC_ISA_USAGE = YES_ERROR;
				CLANG_WARN_DOCUMENTATION_COMMENTS = YES;
				CLANG_WARN_EMPTY_BODY = YES;
				CLANG_WARN_ENUM_CONVERSION = YES;
				CLANG_WARN_INFINITE_RECURSION = YES;
				CLANG_WARN_INT_CONVERSION = YES;
				CLANG_WARN_NON_LITERAL_NULL_CONVERSION = YES;
				CLANG_WARN_OBJC_IMPLICIT_RETAIN_SELF = YES;
				CLANG_WARN_OBJC_LITERAL_CONVERSION = YES;
				CLANG_WARN_OBJC_ROOT_CLASS = YES_ERROR;
				CLANG_WARN_QUOTED_INCLUDE_IN_FRAMEWORK_HEADER = YES;
				CLANG_WARN_RANGE_LOOP_ANALYSIS = YES;
				CLANG_WARN_STRICT_PROTOTYPES = YES;
				CLANG_WARN_SUSPICIOUS_MOVE = YES;
				CLANG_WARN_UNGUARDED_AVAILABILITY = YES_AGGRESSIVE;
				CLANG_WARN_UNREACHABLE_CODE = YES;
				CLANG_WARN__DUPLICATE_METHOD_MATCH = YES;
				COPY_PHASE_STRIP = NO;
				DEBUG_INFORMATION_FORMAT = dwarf;
				ENABLE_STRICT_OBJC_MSGSEND = YES;
				ENABLE_TESTABILITY = YES;
				GCC_C_LANGUAGE_STANDARD = gnu11;
				GCC_DYNAMIC_NO_PIC = NO;
				GCC_NO_COMMON_BLOCKS = YES;
				GCC_OPTIMIZATION_LEVEL = 0;
				GCC_PREPROCESSOR_DEFINITIONS = (
					"DEBUG=1",
					"$(inherited)",
				);
				GCC_WARN_64_TO_32_BIT_CONVERSION = YES;
				GCC_WARN_ABOUT_RETURN_TYPE = YES_ERROR;
				GCC_WARN_UNDECLARED_SELECTOR = YES;
				GCC_WARN_UNINITIALIZED_AUTOS = YES_AGGRESSIVE;
				GCC_WARN_UNUSED_FUNCTION = YES;
				GCC_WARN_UNUSED_VARIABLE = YES;
				IPHONEOS_DEPLOYMENT_TARGET = 16.2;
				MTL_ENABLE_DEBUG_INFO = INCLUDE_SOURCE;
				MTL_FAST_MATH = YES;
				ONLY_ACTIVE_ARCH = YES;
				SDKROOT = iphoneos;
				SWIFT_ACTIVE_COMPILATION_CONDITIONS = DEBUG;
				SWIFT_OPTIMIZATION_LEVEL = "-Onone";
			};
			name = Debug;
		};
		68718A0A2A0F92B9009BAFCA /* Release */ = {
			isa = XCBuildConfiguration;
			buildSettings = {
				ALWAYS_SEARCH_USER_PATHS = NO;
				CLANG_ANALYZER_NONNULL = YES;
				CLANG_ANALYZER_NUMBER_OBJECT_CONVERSION = YES_AGGRESSIVE;
				CLANG_CXX_LANGUAGE_STANDARD = "gnu++20";
				CLANG_ENABLE_MODULES = YES;
				CLANG_ENABLE_OBJC_ARC = YES;
				CLANG_ENABLE_OBJC_WEAK = YES;
				CLANG_WARN_BLOCK_CAPTURE_AUTORELEASING = YES;
				CLANG_WARN_BOOL_CONVERSION = YES;
				CLANG_WARN_COMMA = YES;
				CLANG_WARN_CONSTANT_CONVERSION = YES;
				CLANG_WARN_DEPRECATED_OBJC_IMPLEMENTATIONS = YES;
				CLANG_WARN_DIRECT_OBJC_ISA_USAGE = YES_ERROR;
				CLANG_WARN_DOCUMENTATION_COMMENTS = YES;
				CLANG_WARN_EMPTY_BODY = YES;
				CLANG_WARN_ENUM_CONVERSION = YES;
				CLANG_WARN_INFINITE_RECURSION = YES;
				CLANG_WARN_INT_CONVERSION = YES;
				CLANG_WARN_NON_LITERAL_NULL_CONVERSION = YES;
				CLANG_WARN_OBJC_IMPLICIT_RETAIN_SELF = YES;
				CLANG_WARN_OBJC_LITERAL_CONVERSION = YES;
				CLANG_WARN_OBJC_ROOT_CLASS = YES_ERROR;
				CLANG_WARN_QUOTED_INCLUDE_IN_FRAMEWORK_HEADER = YES;
				CLANG_WARN_RANGE_LOOP_ANALYSIS = YES;
				CLANG_WARN_STRICT_PROTOTYPES = YES;
				CLANG_WARN_SUSPICIOUS_MOVE = YES;
				CLANG_WARN_UNGUARDED_AVAILABILITY = YES_AGGRESSIVE;
				CLANG_WARN_UNREACHABLE_CODE = YES;
				CLANG_WARN__DUPLICATE_METHOD_MATCH = YES;
				COPY_PHASE_STRIP = NO;
				DEBUG_INFORMATION_FORMAT = "dwarf-with-dsym";
				ENABLE_NS_ASSERTIONS = NO;
				ENABLE_STRICT_OBJC_MSGSEND = YES;
				GCC_C_LANGUAGE_STANDARD = gnu11;
				GCC_NO_COMMON_BLOCKS = YES;
				GCC_WARN_64_TO_32_BIT_CONVERSION = YES;
				GCC_WARN_ABOUT_RETURN_TYPE = YES_ERROR;
				GCC_WARN_UNDECLARED_SELECTOR = YES;
				GCC_WARN_UNINITIALIZED_AUTOS = YES_AGGRESSIVE;
				GCC_WARN_UNUSED_FUNCTION = YES;
				GCC_WARN_UNUSED_VARIABLE = YES;
				IPHONEOS_DEPLOYMENT_TARGET = 16.2;
				MTL_ENABLE_DEBUG_INFO = NO;
				MTL_FAST_MATH = YES;
				SDKROOT = iphoneos;
				SWIFT_COMPILATION_MODE = wholemodule;
				SWIFT_OPTIMIZATION_LEVEL = "-O";
				VALIDATE_PRODUCT = YES;
			};
			name = Release;
		};
		68718A0C2A0F92B9009BAFCA /* Debug */ = {
			isa = XCBuildConfiguration;
			buildSettings = {
				ASSETCATALOG_COMPILER_APPICON_NAME = AppIcon;
				ASSETCATALOG_COMPILER_GLOBAL_ACCENT_COLOR_NAME = AccentColor;
				CODE_SIGN_STYLE = Automatic;
				CURRENT_PROJECT_VERSION = 1;
				DEVELOPMENT_TEAM = 3F7BDN63CA;
				GENERATE_INFOPLIST_FILE = YES;
				INFOPLIST_FILE = StrongTest/Info.plist;
				INFOPLIST_KEY_UIApplicationSupportsIndirectInputEvents = YES;
				INFOPLIST_KEY_UILaunchStoryboardName = LaunchScreen;
				INFOPLIST_KEY_UISupportedInterfaceOrientations_iPad = "UIInterfaceOrientationPortrait UIInterfaceOrientationPortraitUpsideDown UIInterfaceOrientationLandscapeLeft UIInterfaceOrientationLandscapeRight";
				INFOPLIST_KEY_UISupportedInterfaceOrientations_iPhone = "UIInterfaceOrientationPortrait UIInterfaceOrientationLandscapeLeft UIInterfaceOrientationLandscapeRight";
				LD_RUNPATH_SEARCH_PATHS = (
					"$(inherited)",
					"@executable_path/Frameworks",
				);
				MARKETING_VERSION = 1.0;
				PRODUCT_BUNDLE_IDENTIFIER = com.damiraliyev.StrongTest;
				PRODUCT_NAME = "$(TARGET_NAME)";
				SWIFT_EMIT_LOC_STRINGS = YES;
				SWIFT_VERSION = 5.0;
				TARGETED_DEVICE_FAMILY = "1,2";
			};
			name = Debug;
		};
		68718A0D2A0F92B9009BAFCA /* Release */ = {
			isa = XCBuildConfiguration;
			buildSettings = {
				ASSETCATALOG_COMPILER_APPICON_NAME = AppIcon;
				ASSETCATALOG_COMPILER_GLOBAL_ACCENT_COLOR_NAME = AccentColor;
				CODE_SIGN_STYLE = Automatic;
				CURRENT_PROJECT_VERSION = 1;
				DEVELOPMENT_TEAM = 3F7BDN63CA;
				GENERATE_INFOPLIST_FILE = YES;
				INFOPLIST_FILE = StrongTest/Info.plist;
				INFOPLIST_KEY_UIApplicationSupportsIndirectInputEvents = YES;
				INFOPLIST_KEY_UILaunchStoryboardName = LaunchScreen;
				INFOPLIST_KEY_UISupportedInterfaceOrientations_iPad = "UIInterfaceOrientationPortrait UIInterfaceOrientationPortraitUpsideDown UIInterfaceOrientationLandscapeLeft UIInterfaceOrientationLandscapeRight";
				INFOPLIST_KEY_UISupportedInterfaceOrientations_iPhone = "UIInterfaceOrientationPortrait UIInterfaceOrientationLandscapeLeft UIInterfaceOrientationLandscapeRight";
				LD_RUNPATH_SEARCH_PATHS = (
					"$(inherited)",
					"@executable_path/Frameworks",
				);
				MARKETING_VERSION = 1.0;
				PRODUCT_BUNDLE_IDENTIFIER = com.damiraliyev.StrongTest;
				PRODUCT_NAME = "$(TARGET_NAME)";
				SWIFT_EMIT_LOC_STRINGS = YES;
				SWIFT_VERSION = 5.0;
				TARGETED_DEVICE_FAMILY = "1,2";
			};
			name = Release;
		};
/* End XCBuildConfiguration section */

/* Begin XCConfigurationList section */
		687189F22A0F92B8009BAFCA /* Build configuration list for PBXProject "StrongTest" */ = {
			isa = XCConfigurationList;
			buildConfigurations = (
				68718A092A0F92B9009BAFCA /* Debug */,
				68718A0A2A0F92B9009BAFCA /* Release */,
			);
			defaultConfigurationIsVisible = 0;
			defaultConfigurationName = Release;
		};
		68718A0B2A0F92B9009BAFCA /* Build configuration list for PBXNativeTarget "StrongTest" */ = {
			isa = XCConfigurationList;
			buildConfigurations = (
				68718A0C2A0F92B9009BAFCA /* Debug */,
				68718A0D2A0F92B9009BAFCA /* Release */,
			);
			defaultConfigurationIsVisible = 0;
			defaultConfigurationName = Release;
		};
/* End XCConfigurationList section */

/* Begin XCRemoteSwiftPackageReference section */
		68DEB9622A11190C0071823A /* XCRemoteSwiftPackageReference "SDWebImage" */ = {
			isa = XCRemoteSwiftPackageReference;
			repositoryURL = "https://github.com/SDWebImage/SDWebImage";
			requirement = {
				branch = master;
				kind = branch;
			};
		};
/* End XCRemoteSwiftPackageReference section */

/* Begin XCSwiftPackageProductDependency section */
		68DEB9632A11190C0071823A /* SDWebImage */ = {
			isa = XCSwiftPackageProductDependency;
			package = 68DEB9622A11190C0071823A /* XCRemoteSwiftPackageReference "SDWebImage" */;
			productName = SDWebImage;
		};
/* End XCSwiftPackageProductDependency section */
	};
	rootObject = 687189EF2A0F92B8009BAFCA /* Project object */;
}
